// !$*UTF8*$!
{
	archiveVersion = 1;
	classes = {
	};
	objectVersion = 56;
	objects = {

/* Begin PBXBuildFile section */
		65B4B18B29F472B600033973 /* Test_TasteHub.swift in Sources */ = {isa = PBXBuildFile; fileRef = 65B4B18A29F472B600033973 /* Test_TasteHub.swift */; };
		65C8592929F2348000F2F009 /* TasteHubApp.swift in Sources */ = {isa = PBXBuildFile; fileRef = 65C8592829F2348000F2F009 /* TasteHubApp.swift */; };
		65C8592B29F2348000F2F009 /* ContentView.swift in Sources */ = {isa = PBXBuildFile; fileRef = 65C8592A29F2348000F2F009 /* ContentView.swift */; };
		65C8592D29F2348200F2F009 /* Assets.xcassets in Resources */ = {isa = PBXBuildFile; fileRef = 65C8592C29F2348200F2F009 /* Assets.xcassets */; };
		65C8593029F2348200F2F009 /* Preview Assets.xcassets in Resources */ = {isa = PBXBuildFile; fileRef = 65C8592F29F2348200F2F009 /* Preview Assets.xcassets */; };
		65C8593A29F2348200F2F009 /* TasteHubTests.swift in Sources */ = {isa = PBXBuildFile; fileRef = 65C8593929F2348200F2F009 /* TasteHubTests.swift */; };
		65C8594429F2348200F2F009 /* TasteHubUITests.swift in Sources */ = {isa = PBXBuildFile; fileRef = 65C8594329F2348200F2F009 /* TasteHubUITests.swift */; };
		65C8594629F2348200F2F009 /* TasteHubUITestsLaunchTests.swift in Sources */ = {isa = PBXBuildFile; fileRef = 65C8594529F2348200F2F009 /* TasteHubUITestsLaunchTests.swift */; };
		65C8595529F2351600F2F009 /* StoreData.swift in Sources */ = {isa = PBXBuildFile; fileRef = 65C8595429F2351600F2F009 /* StoreData.swift */; };
		65C8595729F2353100F2F009 /* StoreModel.swift in Sources */ = {isa = PBXBuildFile; fileRef = 65C8595629F2353100F2F009 /* StoreModel.swift */; };
		65C8595929F235AC00F2F009 /* ProfileView.swift in Sources */ = {isa = PBXBuildFile; fileRef = 65C8595829F235AC00F2F009 /* ProfileView.swift */; };
		65C8595B29F235E900F2F009 /* UserUpdateView.swift in Sources */ = {isa = PBXBuildFile; fileRef = 65C8595A29F235E900F2F009 /* UserUpdateView.swift */; };
		65C8595D29F2361C00F2F009 /* HomeView.swift in Sources */ = {isa = PBXBuildFile; fileRef = 65C8595C29F2361C00F2F009 /* HomeView.swift */; };
		65C8595F29F2367E00F2F009 /* StoreView.swift in Sources */ = {isa = PBXBuildFile; fileRef = 65C8595E29F2367E00F2F009 /* StoreView.swift */; };
		65C8596129F236B700F2F009 /* CartHomeView.swift in Sources */ = {isa = PBXBuildFile; fileRef = 65C8596029F236B700F2F009 /* CartHomeView.swift */; };
		65C8596729F23D5700F2F009 /* NewPriceView.swift in Sources */ = {isa = PBXBuildFile; fileRef = 65C8596629F23D5700F2F009 /* NewPriceView.swift */; };
		65C8596929F23D8800F2F009 /* User_Model.swift in Sources */ = {isa = PBXBuildFile; fileRef = 65C8596829F23D8800F2F009 /* User_Model.swift */; };
		65C8596B29F23D9E00F2F009 /* CartModel.swift in Sources */ = {isa = PBXBuildFile; fileRef = 65C8596A29F23D9E00F2F009 /* CartModel.swift */; };
		65C8596D29F23E2100F2F009 /* UpdateSettings.swift in Sources */ = {isa = PBXBuildFile; fileRef = 65C8596C29F23E2100F2F009 /* UpdateSettings.swift */; };
		65C8596F29F23F1200F2F009 /* Extension.swift in Sources */ = {isa = PBXBuildFile; fileRef = 65C8596E29F23F1200F2F009 /* Extension.swift */; };
		65C8597129F23F7300F2F009 /* TabsPageView.swift in Sources */ = {isa = PBXBuildFile; fileRef = 65C8597029F23F7300F2F009 /* TabsPageView.swift */; };
		65C8597329F23FFF00F2F009 /* FaavoriteView.swift in Sources */ = {isa = PBXBuildFile; fileRef = 65C8597229F23FFF00F2F009 /* FaavoriteView.swift */; };
		65C8597929F2449400F2F009 /* SettingsView.swift in Sources */ = {isa = PBXBuildFile; fileRef = 65C8597829F2449400F2F009 /* SettingsView.swift */; };
/* End PBXBuildFile section */

/* Begin PBXContainerItemProxy section */
		65C8593629F2348200F2F009 /* PBXContainerItemProxy */ = {
			isa = PBXContainerItemProxy;
			containerPortal = 65C8591D29F2348000F2F009 /* Project object */;
			proxyType = 1;
			remoteGlobalIDString = 65C8592429F2348000F2F009;
			remoteInfo = TasteHub;
		};
		65C8594029F2348200F2F009 /* PBXContainerItemProxy */ = {
			isa = PBXContainerItemProxy;
			containerPortal = 65C8591D29F2348000F2F009 /* Project object */;
			proxyType = 1;
			remoteGlobalIDString = 65C8592429F2348000F2F009;
			remoteInfo = TasteHub;
		};
/* End PBXContainerItemProxy section */

/* Begin PBXFileReference section */
		65B4B18A29F472B600033973 /* Test_TasteHub.swift */ = {isa = PBXFileReference; lastKnownFileType = sourcecode.swift; path = Test_TasteHub.swift; sourceTree = "<group>"; };
		65C8592529F2348000F2F009 /* TasteHub.app */ = {isa = PBXFileReference; explicitFileType = wrapper.application; includeInIndex = 0; path = TasteHub.app; sourceTree = BUILT_PRODUCTS_DIR; };
		65C8592829F2348000F2F009 /* TasteHubApp.swift */ = {isa = PBXFileReference; lastKnownFileType = sourcecode.swift; path = TasteHubApp.swift; sourceTree = "<group>"; };
		65C8592A29F2348000F2F009 /* ContentView.swift */ = {isa = PBXFileReference; lastKnownFileType = sourcecode.swift; path = ContentView.swift; sourceTree = "<group>"; };
		65C8592C29F2348200F2F009 /* Assets.xcassets */ = {isa = PBXFileReference; lastKnownFileType = folder.assetcatalog; path = Assets.xcassets; sourceTree = "<group>"; };
		65C8592F29F2348200F2F009 /* Preview Assets.xcassets */ = {isa = PBXFileReference; lastKnownFileType = folder.assetcatalog; path = "Preview Assets.xcassets"; sourceTree = "<group>"; };
		65C8593529F2348200F2F009 /* TasteHubTests.xctest */ = {isa = PBXFileReference; explicitFileType = wrapper.cfbundle; includeInIndex = 0; path = TasteHubTests.xctest; sourceTree = BUILT_PRODUCTS_DIR; };
		65C8593929F2348200F2F009 /* TasteHubTests.swift */ = {isa = PBXFileReference; lastKnownFileType = sourcecode.swift; path = TasteHubTests.swift; sourceTree = "<group>"; };
		65C8593F29F2348200F2F009 /* TasteHubUITests.xctest */ = {isa = PBXFileReference; explicitFileType = wrapper.cfbundle; includeInIndex = 0; path = TasteHubUITests.xctest; sourceTree = BUILT_PRODUCTS_DIR; };
		65C8594329F2348200F2F009 /* TasteHubUITests.swift */ = {isa = PBXFileReference; lastKnownFileType = sourcecode.swift; path = TasteHubUITests.swift; sourceTree = "<group>"; };
		65C8594529F2348200F2F009 /* TasteHubUITestsLaunchTests.swift */ = {isa = PBXFileReference; lastKnownFileType = sourcecode.swift; path = TasteHubUITestsLaunchTests.swift; sourceTree = "<group>"; };
		65C8595429F2351600F2F009 /* StoreData.swift */ = {isa = PBXFileReference; lastKnownFileType = sourcecode.swift; path = StoreData.swift; sourceTree = "<group>"; };
		65C8595629F2353100F2F009 /* StoreModel.swift */ = {isa = PBXFileReference; lastKnownFileType = sourcecode.swift; path = StoreModel.swift; sourceTree = "<group>"; };
		65C8595829F235AC00F2F009 /* ProfileView.swift */ = {isa = PBXFileReference; lastKnownFileType = sourcecode.swift; path = ProfileView.swift; sourceTree = "<group>"; };
		65C8595A29F235E900F2F009 /* UserUpdateView.swift */ = {isa = PBXFileReference; lastKnownFileType = sourcecode.swift; path = UserUpdateView.swift; sourceTree = "<group>"; };
		65C8595C29F2361C00F2F009 /* HomeView.swift */ = {isa = PBXFileReference; lastKnownFileType = sourcecode.swift; path = HomeView.swift; sourceTree = "<group>"; };
		65C8595E29F2367E00F2F009 /* StoreView.swift */ = {isa = PBXFileReference; lastKnownFileType = sourcecode.swift; path = StoreView.swift; sourceTree = "<group>"; };
		65C8596029F236B700F2F009 /* CartHomeView.swift */ = {isa = PBXFileReference; lastKnownFileType = sourcecode.swift; path = CartHomeView.swift; sourceTree = "<group>"; };
		65C8596629F23D5700F2F009 /* NewPriceView.swift */ = {isa = PBXFileReference; lastKnownFileType = sourcecode.swift; path = NewPriceView.swift; sourceTree = "<group>"; };
		65C8596829F23D8800F2F009 /* User_Model.swift */ = {isa = PBXFileReference; lastKnownFileType = sourcecode.swift; path = User_Model.swift; sourceTree = "<group>"; };
		65C8596A29F23D9E00F2F009 /* CartModel.swift */ = {isa = PBXFileReference; lastKnownFileType = sourcecode.swift; path = CartModel.swift; sourceTree = "<group>"; };
		65C8596C29F23E2100F2F009 /* UpdateSettings.swift */ = {isa = PBXFileReference; lastKnownFileType = sourcecode.swift; path = UpdateSettings.swift; sourceTree = "<group>"; };
		65C8596E29F23F1200F2F009 /* Extension.swift */ = {isa = PBXFileReference; lastKnownFileType = sourcecode.swift; path = Extension.swift; sourceTree = "<group>"; };
		65C8597029F23F7300F2F009 /* TabsPageView.swift */ = {isa = PBXFileReference; lastKnownFileType = sourcecode.swift; path = TabsPageView.swift; sourceTree = "<group>"; };
		65C8597229F23FFF00F2F009 /* FaavoriteView.swift */ = {isa = PBXFileReference; lastKnownFileType = sourcecode.swift; path = FaavoriteView.swift; sourceTree = "<group>"; };
		65C8597829F2449400F2F009 /* SettingsView.swift */ = {isa = PBXFileReference; lastKnownFileType = sourcecode.swift; path = SettingsView.swift; sourceTree = "<group>"; };
/* End PBXFileReference section */

/* Begin PBXFrameworksBuildPhase section */
		65C8592229F2348000F2F009 /* Frameworks */ = {
			isa = PBXFrameworksBuildPhase;
			buildActionMask = 2147483647;
			files = (
			);
			runOnlyForDeploymentPostprocessing = 0;
		};
		65C8593229F2348200F2F009 /* Frameworks */ = {
			isa = PBXFrameworksBuildPhase;
			buildActionMask = 2147483647;
			files = (
			);
			runOnlyForDeploymentPostprocessing = 0;
		};
		65C8593C29F2348200F2F009 /* Frameworks */ = {
			isa = PBXFrameworksBuildPhase;
			buildActionMask = 2147483647;
			files = (
			);
			runOnlyForDeploymentPostprocessing = 0;
		};
/* End PBXFrameworksBuildPhase section */

/* Begin PBXGroup section */
		65C8591C29F2348000F2F009 = {
			isa = PBXGroup;
			children = (
				65C8597729F2434600F2F009 /* Components */,
				65C8597629F2432D00F2F009 /* View-Model */,
				65C8597529F2432200F2F009 /* Views */,
				65C8597429F2431700F2F009 /* Model */,
				65C8592729F2348000F2F009 /* TasteHub */,
				65C8593829F2348200F2F009 /* TasteHubTests */,
				65C8594229F2348200F2F009 /* TasteHubUITests */,
				65C8592629F2348000F2F009 /* Products */,
			);
			sourceTree = "<group>";
		};
		65C8592629F2348000F2F009 /* Products */ = {
			isa = PBXGroup;
			children = (
				65C8592529F2348000F2F009 /* TasteHub.app */,
				65C8593529F2348200F2F009 /* TasteHubTests.xctest */,
				65C8593F29F2348200F2F009 /* TasteHubUITests.xctest */,
			);
			name = Products;
			sourceTree = "<group>";
		};
		65C8592729F2348000F2F009 /* TasteHub */ = {
			isa = PBXGroup;
			children = (
				65C8592829F2348000F2F009 /* TasteHubApp.swift */,
				65C8592A29F2348000F2F009 /* ContentView.swift */,
				65C8592C29F2348200F2F009 /* Assets.xcassets */,
				65C8592E29F2348200F2F009 /* Preview Content */,
			);
			path = TasteHub;
			sourceTree = "<group>";
		};
		65C8592E29F2348200F2F009 /* Preview Content */ = {
			isa = PBXGroup;
			children = (
				65C8592F29F2348200F2F009 /* Preview Assets.xcassets */,
			);
			path = "Preview Content";
			sourceTree = "<group>";
		};
		65C8593829F2348200F2F009 /* TasteHubTests */ = {
			isa = PBXGroup;
			children = (
				65C8593929F2348200F2F009 /* TasteHubTests.swift */,
				65B4B18A29F472B600033973 /* Test_TasteHub.swift */,
			);
			path = TasteHubTests;
			sourceTree = "<group>";
		};
		65C8594229F2348200F2F009 /* TasteHubUITests */ = {
			isa = PBXGroup;
			children = (
				65C8594329F2348200F2F009 /* TasteHubUITests.swift */,
				65C8594529F2348200F2F009 /* TasteHubUITestsLaunchTests.swift */,
			);
			path = TasteHubUITests;
			sourceTree = "<group>";
		};
		65C8597429F2431700F2F009 /* Model */ = {
			isa = PBXGroup;
			children = (
				65C8596A29F23D9E00F2F009 /* CartModel.swift */,
				65C8596E29F23F1200F2F009 /* Extension.swift */,
				65C8596829F23D8800F2F009 /* User_Model.swift */,
			);
			path = Model;
			sourceTree = "<group>";
		};
		65C8597529F2432200F2F009 /* Views */ = {
			isa = PBXGroup;
			children = (
				65C8597029F23F7300F2F009 /* TabsPageView.swift */,
				65C8596629F23D5700F2F009 /* NewPriceView.swift */,
				65C8597229F23FFF00F2F009 /* FaavoriteView.swift */,
				65C8597829F2449400F2F009 /* SettingsView.swift */,
				65C8596029F236B700F2F009 /* CartHomeView.swift */,
				65C8595C29F2361C00F2F009 /* HomeView.swift */,
				65C8595A29F235E900F2F009 /* UserUpdateView.swift */,
				65C8595829F235AC00F2F009 /* ProfileView.swift */,
				65C8595E29F2367E00F2F009 /* StoreView.swift */,
			);
			path = Views;
			sourceTree = "<group>";
		};
		65C8597629F2432D00F2F009 /* View-Model */ = {
			isa = PBXGroup;
			children = (
				65C8595429F2351600F2F009 /* StoreData.swift */,
				65C8595629F2353100F2F009 /* StoreModel.swift */,
				65C8596C29F23E2100F2F009 /* UpdateSettings.swift */,
			);
			path = "View-Model";
			sourceTree = "<group>";
		};
		65C8597729F2434600F2F009 /* Components */ = {
			isa = PBXGroup;
			children = (
			);
			path = Components;
			sourceTree = "<group>";
		};
/* End PBXGroup section */

/* Begin PBXNativeTarget section */
		65C8592429F2348000F2F009 /* TasteHub */ = {
			isa = PBXNativeTarget;
			buildConfigurationList = 65C8594929F2348200F2F009 /* Build configuration list for PBXNativeTarget "TasteHub" */;
			buildPhases = (
				65C8592129F2348000F2F009 /* Sources */,
				65C8592229F2348000F2F009 /* Frameworks */,
				65C8592329F2348000F2F009 /* Resources */,
			);
			buildRules = (
			);
			dependencies = (
			);
			name = TasteHub;
			productName = TasteHub;
			productReference = 65C8592529F2348000F2F009 /* TasteHub.app */;
			productType = "com.apple.product-type.application";
		};
		65C8593429F2348200F2F009 /* TasteHubTests */ = {
			isa = PBXNativeTarget;
			buildConfigurationList = 65C8594C29F2348200F2F009 /* Build configuration list for PBXNativeTarget "TasteHubTests" */;
			buildPhases = (
				65C8593129F2348200F2F009 /* Sources */,
				65C8593229F2348200F2F009 /* Frameworks */,
				65C8593329F2348200F2F009 /* Resources */,
			);
			buildRules = (
			);
			dependencies = (
				65C8593729F2348200F2F009 /* PBXTargetDependency */,
			);
			name = TasteHubTests;
			productName = TasteHubTests;
			productReference = 65C8593529F2348200F2F009 /* TasteHubTests.xctest */;
			productType = "com.apple.product-type.bundle.unit-test";
		};
		65C8593E29F2348200F2F009 /* TasteHubUITests */ = {
			isa = PBXNativeTarget;
			buildConfigurationList = 65C8594F29F2348200F2F009 /* Build configuration list for PBXNativeTarget "TasteHubUITests" */;
			buildPhases = (
				65C8593B29F2348200F2F009 /* Sources */,
				65C8593C29F2348200F2F009 /* Frameworks */,
				65C8593D29F2348200F2F009 /* Resources */,
			);
			buildRules = (
			);
			dependencies = (
				65C8594129F2348200F2F009 /* PBXTargetDependency */,
			);
			name = TasteHubUITests;
			productName = TasteHubUITests;
			productReference = 65C8593F29F2348200F2F009 /* TasteHubUITests.xctest */;
			productType = "com.apple.product-type.bundle.ui-testing";
		};
/* End PBXNativeTarget section */

/* Begin PBXProject section */
		65C8591D29F2348000F2F009 /* Project object */ = {
			isa = PBXProject;
			attributes = {
				BuildIndependentTargetsInParallel = 1;
				LastSwiftUpdateCheck = 1400;
				LastUpgradeCheck = 1400;
				TargetAttributes = {
					65C8592429F2348000F2F009 = {
						CreatedOnToolsVersion = 14.0.1;
					};
					65C8593429F2348200F2F009 = {
						CreatedOnToolsVersion = 14.0.1;
						TestTargetID = 65C8592429F2348000F2F009;
					};
					65C8593E29F2348200F2F009 = {
						CreatedOnToolsVersion = 14.0.1;
						TestTargetID = 65C8592429F2348000F2F009;
					};
				};
			};
			buildConfigurationList = 65C8592029F2348000F2F009 /* Build configuration list for PBXProject "TasteHub" */;
			compatibilityVersion = "Xcode 14.0";
			developmentRegion = en;
			hasScannedForEncodings = 0;
			knownRegions = (
				en,
				Base,
			);
			mainGroup = 65C8591C29F2348000F2F009;
			productRefGroup = 65C8592629F2348000F2F009 /* Products */;
			projectDirPath = "";
			projectRoot = "";
			targets = (
				65C8592429F2348000F2F009 /* TasteHub */,
				65C8593429F2348200F2F009 /* TasteHubTests */,
				65C8593E29F2348200F2F009 /* TasteHubUITests */,
			);
		};
/* End PBXProject section */

/* Begin PBXResourcesBuildPhase section */
		65C8592329F2348000F2F009 /* Resources */ = {
			isa = PBXResourcesBuildPhase;
			buildActionMask = 2147483647;
			files = (
				65C8593029F2348200F2F009 /* Preview Assets.xcassets in Resources */,
				65C8592D29F2348200F2F009 /* Assets.xcassets in Resources */,
			);
			runOnlyForDeploymentPostprocessing = 0;
		};
		65C8593329F2348200F2F009 /* Resources */ = {
			isa = PBXResourcesBuildPhase;
			buildActionMask = 2147483647;
			files = (
			);
			runOnlyForDeploymentPostprocessing = 0;
		};
		65C8593D29F2348200F2F009 /* Resources */ = {
			isa = PBXResourcesBuildPhase;
			buildActionMask = 2147483647;
			files = (
			);
			runOnlyForDeploymentPostprocessing = 0;
		};
/* End PBXResourcesBuildPhase section */

/* Begin PBXSourcesBuildPhase section */
		65C8592129F2348000F2F009 /* Sources */ = {
			isa = PBXSourcesBuildPhase;
			buildActionMask = 2147483647;
			files = (
				65C8596F29F23F1200F2F009 /* Extension.swift in Sources */,
				65C8595B29F235E900F2F009 /* UserUpdateView.swift in Sources */,
				65C8597929F2449400F2F009 /* SettingsView.swift in Sources */,
				65C8595D29F2361C00F2F009 /* HomeView.swift in Sources */,
				65C8595F29F2367E00F2F009 /* StoreView.swift in Sources */,
				65C8597329F23FFF00F2F009 /* FaavoriteView.swift in Sources */,
				65C8592B29F2348000F2F009 /* ContentView.swift in Sources */,
				65C8596929F23D8800F2F009 /* User_Model.swift in Sources */,
				65C8595729F2353100F2F009 /* StoreModel.swift in Sources */,
				65C8595929F235AC00F2F009 /* ProfileView.swift in Sources */,
				65C8595529F2351600F2F009 /* StoreData.swift in Sources */,
				65C8596B29F23D9E00F2F009 /* CartModel.swift in Sources */,
				65C8592929F2348000F2F009 /* TasteHubApp.swift in Sources */,
				65C8596D29F23E2100F2F009 /* UpdateSettings.swift in Sources */,
				65C8596729F23D5700F2F009 /* NewPriceView.swift in Sources */,
				65C8596129F236B700F2F009 /* CartHomeView.swift in Sources */,
				65C8597129F23F7300F2F009 /* TabsPageView.swift in Sources */,
			);
			runOnlyForDeploymentPostprocessing = 0;
		};
		65C8593129F2348200F2F009 /* Sources */ = {
			isa = PBXSourcesBuildPhase;
			buildActionMask = 2147483647;
			files = (
				65C8593A29F2348200F2F009 /* TasteHubTests.swift in Sources */,
				65B4B18B29F472B600033973 /* Test_TasteHub.swift in Sources */,
			);
			runOnlyForDeploymentPostprocessing = 0;
		};
		65C8593B29F2348200F2F009 /* Sources */ = {
			isa = PBXSourcesBuildPhase;
			buildActionMask = 2147483647;
			files = (
				65C8594629F2348200F2F009 /* TasteHubUITestsLaunchTests.swift in Sources */,
				65C8594429F2348200F2F009 /* TasteHubUITests.swift in Sources */,
			);
			runOnlyForDeploymentPostprocessing = 0;
		};
/* End PBXSourcesBuildPhase section */

/* Begin PBXTargetDependency section */
		65C8593729F2348200F2F009 /* PBXTargetDependency */ = {
			isa = PBXTargetDependency;
			target = 65C8592429F2348000F2F009 /* TasteHub */;
			targetProxy = 65C8593629F2348200F2F009 /* PBXContainerItemProxy */;
		};
		65C8594129F2348200F2F009 /* PBXTargetDependency */ = {
			isa = PBXTargetDependency;
			target = 65C8592429F2348000F2F009 /* TasteHub */;
			targetProxy = 65C8594029F2348200F2F009 /* PBXContainerItemProxy */;
		};
/* End PBXTargetDependency section */

/* Begin XCBuildConfiguration section */
		65C8594729F2348200F2F009 /* Debug */ = {
			isa = XCBuildConfiguration;
			buildSettings = {
				ALWAYS_SEARCH_USER_PATHS = NO;
				CLANG_ANALYZER_NONNULL = YES;
				CLANG_ANALYZER_NUMBER_OBJECT_CONVERSION = YES_AGGRESSIVE;
				CLANG_CXX_LANGUAGE_STANDARD = "gnu++20";
				CLANG_ENABLE_MODULES = YES;
				CLANG_ENABLE_OBJC_ARC = YES;
				CLANG_ENABLE_OBJC_WEAK = YES;
				CLANG_WARN_BLOCK_CAPTURE_AUTORELEASING = YES;
				CLANG_WARN_BOOL_CONVERSION = YES;
				CLANG_WARN_COMMA = YES;
				CLANG_WARN_CONSTANT_CONVERSION = YES;
				CLANG_WARN_DEPRECATED_OBJC_IMPLEMENTATIONS = YES;
				CLANG_WARN_DIRECT_OBJC_ISA_USAGE = YES_ERROR;
				CLANG_WARN_DOCUMENTATION_COMMENTS = YES;
				CLANG_WARN_EMPTY_BODY = YES;
				CLANG_WARN_ENUM_CONVERSION = YES;
				CLANG_WARN_INFINITE_RECURSION = YES;
				CLANG_WARN_INT_CONVERSION = YES;
				CLANG_WARN_NON_LITERAL_NULL_CONVERSION = YES;
				CLANG_WARN_OBJC_IMPLICIT_RETAIN_SELF = YES;
				CLANG_WARN_OBJC_LITERAL_CONVERSION = YES;
				CLANG_WARN_OBJC_ROOT_CLASS = YES_ERROR;
				CLANG_WARN_QUOTED_INCLUDE_IN_FRAMEWORK_HEADER = YES;
				CLANG_WARN_RANGE_LOOP_ANALYSIS = YES;
				CLANG_WARN_STRICT_PROTOTYPES = YES;
				CLANG_WARN_SUSPICIOUS_MOVE = YES;
				CLANG_WARN_UNGUARDED_AVAILABILITY = YES_AGGRESSIVE;
				CLANG_WARN_UNREACHABLE_CODE = YES;
				CLANG_WARN__DUPLICATE_METHOD_MATCH = YES;
				COPY_PHASE_STRIP = NO;
				DEBUG_INFORMATION_FORMAT = dwarf;
				ENABLE_STRICT_OBJC_MSGSEND = YES;
				ENABLE_TESTABILITY = YES;
				GCC_C_LANGUAGE_STANDARD = gnu11;
				GCC_DYNAMIC_NO_PIC = NO;
				GCC_NO_COMMON_BLOCKS = YES;
				GCC_OPTIMIZATION_LEVEL = 0;
				GCC_PREPROCESSOR_DEFINITIONS = (
					"DEBUG=1",
					"$(inherited)",
				);
				GCC_WARN_64_TO_32_BIT_CONVERSION = YES;
				GCC_WARN_ABOUT_RETURN_TYPE = YES_ERROR;
				GCC_WARN_UNDECLARED_SELECTOR = YES;
				GCC_WARN_UNINITIALIZED_AUTOS = YES_AGGRESSIVE;
				GCC_WARN_UNUSED_FUNCTION = YES;
				GCC_WARN_UNUSED_VARIABLE = YES;
				IPHONEOS_DEPLOYMENT_TARGET = 16.0;
				MTL_ENABLE_DEBUG_INFO = INCLUDE_SOURCE;
				MTL_FAST_MATH = YES;
				ONLY_ACTIVE_ARCH = YES;
				SDKROOT = iphoneos;
				SWIFT_ACTIVE_COMPILATION_CONDITIONS = DEBUG;
				SWIFT_OPTIMIZATION_LEVEL = "-Onone";
			};
			name = Debug;
		};
		65C8594829F2348200F2F009 /* Release */ = {
			isa = XCBuildConfiguration;
			buildSettings = {
				ALWAYS_SEARCH_USER_PATHS = NO;
				CLANG_ANALYZER_NONNULL = YES;
				CLANG_ANALYZER_NUMBER_OBJECT_CONVERSION = YES_AGGRESSIVE;
				CLANG_CXX_LANGUAGE_STANDARD = "gnu++20";
				CLANG_ENABLE_MODULES = YES;
				CLANG_ENABLE_OBJC_ARC = YES;
				CLANG_ENABLE_OBJC_WEAK = YES;
				CLANG_WARN_BLOCK_CAPTURE_AUTORELEASING = YES;
				CLANG_WARN_BOOL_CONVERSION = YES;
				CLANG_WARN_COMMA = YES;
				CLANG_WARN_CONSTANT_CONVERSION = YES;
				CLANG_WARN_DEPRECATED_OBJC_IMPLEMENTATIONS = YES;
				CLANG_WARN_DIRECT_OBJC_ISA_USAGE = YES_ERROR;
				CLANG_WARN_DOCUMENTATION_COMMENTS = YES;
				CLANG_WARN_EMPTY_BODY = YES;
				CLANG_WARN_ENUM_CONVERSION = YES;
				CLANG_WARN_INFINITE_RECURSION = YES;
				CLANG_WARN_INT_CONVERSION = YES;
				CLANG_WARN_NON_LITERAL_NULL_CONVERSION = YES;
				CLANG_WARN_OBJC_IMPLICIT_RETAIN_SELF = YES;
				CLANG_WARN_OBJC_LITERAL_CONVERSION = YES;
				CLANG_WARN_OBJC_ROOT_CLASS = YES_ERROR;
				CLANG_WARN_QUOTED_INCLUDE_IN_FRAMEWORK_HEADER = YES;
				CLANG_WARN_RANGE_LOOP_ANALYSIS = YES;
				CLANG_WARN_STRICT_PROTOTYPES = YES;
				CLANG_WARN_SUSPICIOUS_MOVE = YES;
				CLANG_WARN_UNGUARDED_AVAILABILITY = YES_AGGRESSIVE;
				CLANG_WARN_UNREACHABLE_CODE = YES;
				CLANG_WARN__DUPLICATE_METHOD_MATCH = YES;
				COPY_PHASE_STRIP = NO;
				DEBUG_INFORMATION_FORMAT = "dwarf-with-dsym";
				ENABLE_NS_ASSERTIONS = NO;
				ENABLE_STRICT_OBJC_MSGSEND = YES;
				GCC_C_LANGUAGE_STANDARD = gnu11;
				GCC_NO_COMMON_BLOCKS = YES;
				GCC_WARN_64_TO_32_BIT_CONVERSION = YES;
				GCC_WARN_ABOUT_RETURN_TYPE = YES_ERROR;
				GCC_WARN_UNDECLARED_SELECTOR = YES;
				GCC_WARN_UNINITIALIZED_AUTOS = YES_AGGRESSIVE;
				GCC_WARN_UNUSED_FUNCTION = YES;
				GCC_WARN_UNUSED_VARIABLE = YES;
				IPHONEOS_DEPLOYMENT_TARGET = 16.0;
				MTL_ENABLE_DEBUG_INFO = NO;
				MTL_FAST_MATH = YES;
				SDKROOT = iphoneos;
				SWIFT_COMPILATION_MODE = wholemodule;
				SWIFT_OPTIMIZATION_LEVEL = "-O";
				VALIDATE_PRODUCT = YES;
			};
			name = Release;
		};
		65C8594A29F2348200F2F009 /* Debug */ = {
			isa = XCBuildConfiguration;
			buildSettings = {
				ASSETCATALOG_COMPILER_APPICON_NAME = AppIcon;
				ASSETCATALOG_COMPILER_GLOBAL_ACCENT_COLOR_NAME = AccentColor;
				CODE_SIGN_STYLE = Automatic;
				CURRENT_PROJECT_VERSION = 1;
				DEVELOPMENT_ASSET_PATHS = "\"TasteHub/Preview Content\"";
				DEVELOPMENT_TEAM = TNDSG59C74;
				ENABLE_PREVIEWS = YES;
				GENERATE_INFOPLIST_FILE = YES;
				INFOPLIST_KEY_UIApplicationSceneManifest_Generation = YES;
				INFOPLIST_KEY_UIApplicationSupportsIndirectInputEvents = YES;
				INFOPLIST_KEY_UILaunchScreen_Generation = YES;
				INFOPLIST_KEY_UISupportedInterfaceOrientations_iPad = "UIInterfaceOrientationPortrait UIInterfaceOrientationPortraitUpsideDown UIInterfaceOrientationLandscapeLeft UIInterfaceOrientationLandscapeRight";
				INFOPLIST_KEY_UISupportedInterfaceOrientations_iPhone = "UIInterfaceOrientationPortrait UIInterfaceOrientationLandscapeLeft UIInterfaceOrientationLandscapeRight";
				LD_RUNPATH_SEARCH_PATHS = (
					"$(inherited)",
					"@executable_path/Frameworks",
				);
				MARKETING_VERSION = 1.0;
				PRODUCT_BUNDLE_IDENTIFIER = domain.TasteHub;
				PRODUCT_NAME = "$(TARGET_NAME)";
				SWIFT_EMIT_LOC_STRINGS = YES;
				SWIFT_VERSION = 5.0;
				TARGETED_DEVICE_FAMILY = "1,2";
			};
			name = Debug;
		};
		65C8594B29F2348200F2F009 /* Release */ = {
			isa = XCBuildConfiguration;
			buildSettings = {
				ASSETCATALOG_COMPILER_APPICON_NAME = AppIcon;
				ASSETCATALOG_COMPILER_GLOBAL_ACCENT_COLOR_NAME = AccentColor;
				CODE_SIGN_STYLE = Automatic;
				CURRENT_PROJECT_VERSION = 1;
				DEVELOPMENT_ASSET_PATHS = "\"TasteHub/Preview Content\"";
				DEVELOPMENT_TEAM = TNDSG59C74;
				ENABLE_PREVIEWS = YES;
				GENERATE_INFOPLIST_FILE = YES;
				INFOPLIST_KEY_UIApplicationSceneManifest_Generation = YES;
				INFOPLIST_KEY_UIApplicationSupportsIndirectInputEvents = YES;
				INFOPLIST_KEY_UILaunchScreen_Generation = YES;
				INFOPLIST_KEY_UISupportedInterfaceOrientations_iPad = "UIInterfaceOrientationPortrait UIInterfaceOrientationPortraitUpsideDown UIInterfaceOrientationLandscapeLeft UIInterfaceOrientationLandscapeRight";
				INFOPLIST_KEY_UISupportedInterfaceOrientations_iPhone = "UIInterfaceOrientationPortrait UIInterfaceOrientationLandscapeLeft UIInterfaceOrientationLandscapeRight";
				LD_RUNPATH_SEARCH_PATHS = (
					"$(inherited)",
					"@executable_path/Frameworks",
				);
				MARKETING_VERSION = 1.0;
				PRODUCT_BUNDLE_IDENTIFIER = domain.TasteHub;
				PRODUCT_NAME = "$(TARGET_NAME)";
				SWIFT_EMIT_LOC_STRINGS = YES;
				SWIFT_VERSION = 5.0;
				TARGETED_DEVICE_FAMILY = "1,2";
			};
			name = Release;
		};
		65C8594D29F2348200F2F009 /* Debug */ = {
			isa = XCBuildConfiguration;
			buildSettings = {
				ALWAYS_EMBED_SWIFT_STANDARD_LIBRARIES = YES;
				BUNDLE_LOADER = "$(TEST_HOST)";
				CODE_SIGN_STYLE = Automatic;
				CURRENT_PROJECT_VERSION = 1;
				DEVELOPMENT_TEAM = TNDSG59C74;
				GENERATE_INFOPLIST_FILE = YES;
				IPHONEOS_DEPLOYMENT_TARGET = 16.0;
				MARKETING_VERSION = 1.0;
				PRODUCT_BUNDLE_IDENTIFIER = domain.TasteHubTests;
				PRODUCT_NAME = "$(TARGET_NAME)";
				SWIFT_EMIT_LOC_STRINGS = NO;
				SWIFT_VERSION = 5.0;
				TARGETED_DEVICE_FAMILY = "1,2";
				TEST_HOST = "$(BUILT_PRODUCTS_DIR)/TasteHub.app/$(BUNDLE_EXECUTABLE_FOLDER_PATH)/TasteHub";
			};
			name = Debug;
		};
		65C8594E29F2348200F2F009 /* Release */ = {
			isa = XCBuildConfiguration;
			buildSettings = {
				ALWAYS_EMBED_SWIFT_STANDARD_LIBRARIES = YES;
				BUNDLE_LOADER = "$(TEST_HOST)";
				CODE_SIGN_STYLE = Automatic;
				CURRENT_PROJECT_VERSION = 1;
				DEVELOPMENT_TEAM = TNDSG59C74;
				GENERATE_INFOPLIST_FILE = YES;
				IPHONEOS_DEPLOYMENT_TARGET = 16.0;
				MARKETING_VERSION = 1.0;
				PRODUCT_BUNDLE_IDENTIFIER = domain.TasteHubTests;
				PRODUCT_NAME = "$(TARGET_NAME)";
				SWIFT_EMIT_LOC_STRINGS = NO;
				SWIFT_VERSION = 5.0;
				TARGETED_DEVICE_FAMILY = "1,2";
				TEST_HOST = "$(BUILT_PRODUCTS_DIR)/TasteHub.app/$(BUNDLE_EXECUTABLE_FOLDER_PATH)/TasteHub";
			};
			name = Release;
		};
		65C8595029F2348200F2F009 /* Debug */ = {
			isa = XCBuildConfiguration;
			buildSettings = {
				ALWAYS_EMBED_SWIFT_STANDARD_LIBRARIES = YES;
				CODE_SIGN_STYLE = Automatic;
				CURRENT_PROJECT_VERSION = 1;
				DEVELOPMENT_TEAM = TNDSG59C74;
				GENERATE_INFOPLIST_FILE = YES;
				MARKETING_VERSION = 1.0;
				PRODUCT_BUNDLE_IDENTIFIER = domain.TasteHubUITests;
				PRODUCT_NAME = "$(TARGET_NAME)";
				SWIFT_EMIT_LOC_STRINGS = NO;
				SWIFT_VERSION = 5.0;
				TARGETED_DEVICE_FAMILY = "1,2";
				TEST_TARGET_NAME = TasteHub;
			};
			name = Debug;
		};
		65C8595129F2348200F2F009 /* Release */ = {
			isa = XCBuildConfiguration;
			buildSettings = {
				ALWAYS_EMBED_SWIFT_STANDARD_LIBRARIES = YES;
				CODE_SIGN_STYLE = Automatic;
				CURRENT_PROJECT_VERSION = 1;
				DEVELOPMENT_TEAM = TNDSG59C74;
				GENERATE_INFOPLIST_FILE = YES;
				MARKETING_VERSION = 1.0;
				PRODUCT_BUNDLE_IDENTIFIER = domain.TasteHubUITests;
				PRODUCT_NAME = "$(TARGET_NAME)";
				SWIFT_EMIT_LOC_STRINGS = NO;
				SWIFT_VERSION = 5.0;
				TARGETED_DEVICE_FAMILY = "1,2";
				TEST_TARGET_NAME = TasteHub;
			};
			name = Release;
		};
/* End XCBuildConfiguration section */

/* Begin XCConfigurationList section */
		65C8592029F2348000F2F009 /* Build configuration list for PBXProject "TasteHub" */ = {
			isa = XCConfigurationList;
			buildConfigurations = (
				65C8594729F2348200F2F009 /* Debug */,
				65C8594829F2348200F2F009 /* Release */,
			);
			defaultConfigurationIsVisible = 0;
			defaultConfigurationName = Release;
		};
		65C8594929F2348200F2F009 /* Build configuration list for PBXNativeTarget "TasteHub" */ = {
			isa = XCConfigurationList;
			buildConfigurations = (
				65C8594A29F2348200F2F009 /* Debug */,
				65C8594B29F2348200F2F009 /* Release */,
			);
			defaultConfigurationIsVisible = 0;
			defaultConfigurationName = Release;
		};
		65C8594C29F2348200F2F009 /* Build configuration list for PBXNativeTarget "TasteHubTests" */ = {
			isa = XCConfigurationList;
			buildConfigurations = (
				65C8594D29F2348200F2F009 /* Debug */,
				65C8594E29F2348200F2F009 /* Release */,
			);
			defaultConfigurationIsVisible = 0;
			defaultConfigurationName = Release;
		};
		65C8594F29F2348200F2F009 /* Build configuration list for PBXNativeTarget "TasteHubUITests" */ = {
			isa = XCConfigurationList;
			buildConfigurations = (
				65C8595029F2348200F2F009 /* Debug */,
				65C8595129F2348200F2F009 /* Release */,
			);
			defaultConfigurationIsVisible = 0;
			defaultConfigurationName = Release;
		};
/* End XCConfigurationList section */
	};
	rootObject = 65C8591D29F2348000F2F009 /* Project object */;
}
